
Microsoft Visual Studio Solution File, Format Version 12.00
# Visual Studio Version 17
VisualStudioVersion = 17.8.34408.163
MinimumVisualStudioVersion = 10.0.40219.1
Project("{FAE04EC0-301F-11D3-BF4B-00C04F79EFBC}") = "SistemaComputadora.BSS", "SistemaComputadora.BSS\SistemaComputadora.BSS.csproj", "{E1648098-D8CA-4061-97C7-8FBAD2E607ED}"
EndProject
Project("{FAE04EC0-301F-11D3-BF4B-00C04F79EFBC}") = "SistemaComputadora.DAL", "SistemaComputadora.DAL\SistemaComputadora.DAL.csproj", "{8D5912DE-98D3-4BB1-8C69-C3A3CE209BF3}"
EndProject
Project("{FAE04EC0-301F-11D3-BF4B-00C04F79EFBC}") = "SistemaComputadora.MODELOS", "SistemaComputadora.MODELOS\SistemaComputadora.MODELOS.csproj", "{42F7C992-4D92-44C1-980E-56EDFC85533D}"
EndProject
Project("{FAE04EC0-301F-11D3-BF4B-00C04F79EFBC}") = "SistemaComputadora.VISTA", "SistemaComputadora.VISTA\SistemaComputadora.VISTA.csproj", "{E46C0E56-5441-4ED7-BCB2-6C544D7A9250}"
EndProject
Global
	GlobalSection(SolutionConfigurationPlatforms) = preSolution
		Debug|Any CPU = Debug|Any CPU
		Release|Any CPU = Release|Any CPU
	EndGlobalSection
	GlobalSection(ProjectConfigurationPlatforms) = postSolution
		{E1648098-D8CA-4061-97C7-8FBAD2E607ED}.Debug|Any CPU.ActiveCfg = Debug|Any CPU
		{E1648098-D8CA-4061-97C7-8FBAD2E607ED}.Debug|Any CPU.Build.0 = Debug|Any CPU
		{E1648098-D8CA-4061-97C7-8FBAD2E607ED}.Release|Any CPU.ActiveCfg = Release|Any CPU
		{E1648098-D8CA-4061-97C7-8FBAD2E607ED}.Release|Any CPU.Build.0 = Release|Any CPU
		{8D5912DE-98D3-4BB1-8C69-C3A3CE209BF3}.Debug|Any CPU.ActiveCfg = Debug|Any CPU
		{8D5912DE-98D3-4BB1-8C69-C3A3CE209BF3}.Debug|Any CPU.Build.0 = Debug|Any CPU
		{8D5912DE-98D3-4BB1-8C69-C3A3CE209BF3}.Release|Any CPU.ActiveCfg = Release|Any CPU
		{8D5912DE-98D3-4BB1-8C69-C3A3CE209BF3}.Release|Any CPU.Build.0 = Release|Any CPU
		{42F7C992-4D92-44C1-980E-56EDFC85533D}.Debug|Any CPU.ActiveCfg = Debug|Any CPU
		{42F7C992-4D92-44C1-980E-56EDFC85533D}.Debug|Any CPU.Build.0 = Debug|Any CPU
		{42F7C992-4D92-44C1-980E-56EDFC85533D}.Release|Any CPU.ActiveCfg = Release|Any CPU
		{42F7C992-4D92-44C1-980E-56EDFC85533D}.Release|Any CPU.Build.0 = Release|Any CPU
		{E46C0E56-5441-4ED7-BCB2-6C544D7A9250}.Debug|Any CPU.ActiveCfg = Debug|Any CPU
		{E46C0E56-5441-4ED7-BCB2-6C544D7A9250}.Debug|Any CPU.Build.0 = Debug|Any CPU
		{E46C0E56-5441-4ED7-BCB2-6C544D7A9250}.Release|Any CPU.ActiveCfg = Release|Any CPU
		{E46C0E56-5441-4ED7-BCB2-6C544D7A9250}.Release|Any CPU.Build.0 = Release|Any CPU
	EndGlobalSection
	GlobalSection(SolutionProperties) = preSolution
		HideSolutionNode = FALSE
	EndGlobalSection
	GlobalSection(ExtensibilityGlobals) = postSolution
		SolutionGuid = {3FCBB570-C21C-486E-9257-6D8358074DB5}
	EndGlobalSection
EndGlobal
