
Microsoft Visual Studio Solution File, Format Version 12.00
# Visual Studio Version 17
VisualStudioVersion = 17.8.34408.163
MinimumVisualStudioVersion = 10.0.40219.1
Project("{9A19103F-16F7-4668-BE54-9A1E7A4F7556}") = "SistemaComputadora.BSS", "SistemaComputadora.BSS\SistemaComputadora.BSS.csproj", "{E1648098-D8CA-4061-97C7-8FBAD2E607ED}"
EndProject
Project("{9A19103F-16F7-4668-BE54-9A1E7A4F7556}") = "SistemaComputadora.DAL", "SistemaComputadora.DAL\SistemaComputadora.DAL.csproj", "{8D5912DE-98D3-4BB1-8C69-C3A3CE209BF3}"
EndProject
Project("{9A19103F-16F7-4668-BE54-9A1E7A4F7556}") = "SistemaComputadora.MODELOS", "SistemaComputadora.MODELOS\SistemaComputadora.MODELOS.csproj", "{42F7C992-4D92-44C1-980E-56EDFC85533D}"
EndProject
Project("{9A19103F-16F7-4668-BE54-9A1E7A4F7556}") = "SistemaComputador.VISTA", "SistemaComputador.VISTA\SistemaComputador.VISTA.csproj", "{C41D2625-8624-4612-8A34-1AB1F1CC28B6}"
EndProject
Global
	GlobalSection(SolutionConfigurationPlatforms) = preSolution
		Debug|Any CPU = Debug|Any CPU
		Release|Any CPU = Release|Any CPU
	EndGlobalSection
	GlobalSection(ProjectConfigurationPlatforms) = postSolution
		{E1648098-D8CA-4061-97C7-8FBAD2E607ED}.Debug|Any CPU.ActiveCfg = Debug|Any CPU
		{E1648098-D8CA-4061-97C7-8FBAD2E607ED}.Debug|Any CPU.Build.0 = Debug|Any CPU
		{E1648098-D8CA-4061-97C7-8FBAD2E607ED}.Release|Any CPU.ActiveCfg = Release|Any CPU
		{E1648098-D8CA-4061-97C7-8FBAD2E607ED}.Release|Any CPU.Build.0 = Release|Any CPU
		{8D5912DE-98D3-4BB1-8C69-C3A3CE209BF3}.Debug|Any CPU.ActiveCfg = Debug|Any CPU
		{8D5912DE-98D3-4BB1-8C69-C3A3CE209BF3}.Debug|Any CPU.Build.0 = Debug|Any CPU
		{8D5912DE-98D3-4BB1-8C69-C3A3CE209BF3}.Release|Any CPU.ActiveCfg = Release|Any CPU
		{8D5912DE-98D3-4BB1-8C69-C3A3CE209BF3}.Release|Any CPU.Build.0 = Release|Any CPU
		{42F7C992-4D92-44C1-980E-56EDFC85533D}.Debug|Any CPU.ActiveCfg = Debug|Any CPU
		{42F7C992-4D92-44C1-980E-56EDFC85533D}.Debug|Any CPU.Build.0 = Debug|Any CPU
		{42F7C992-4D92-44C1-980E-56EDFC85533D}.Release|Any CPU.ActiveCfg = Release|Any CPU
		{42F7C992-4D92-44C1-980E-56EDFC85533D}.Release|Any CPU.Build.0 = Release|Any CPU
		{C41D2625-8624-4612-8A34-1AB1F1CC28B6}.Debug|Any CPU.ActiveCfg = Debug|Any CPU
		{C41D2625-8624-4612-8A34-1AB1F1CC28B6}.Debug|Any CPU.Build.0 = Debug|Any CPU
		{C41D2625-8624-4612-8A34-1AB1F1CC28B6}.Release|Any CPU.ActiveCfg = Release|Any CPU
		{C41D2625-8624-4612-8A34-1AB1F1CC28B6}.Release|Any CPU.Build.0 = Release|Any CPU
	EndGlobalSection
	GlobalSection(SolutionProperties) = preSolution
		HideSolutionNode = FALSE
	EndGlobalSection
	GlobalSection(ExtensibilityGlobals) = postSolution
		SolutionGuid = {3FCBB570-C21C-486E-9257-6D8358074DB5}
	EndGlobalSection
EndGlobal
